{
  "version": 4,
  "terraform_version": "1.12.2",
  "serial": 27,
  "lineage": "47f63444-ed42-8aa8-f414-3a990e702682",
  "outputs": {},
  "resources": [
    {
      "module": "module.database",
      "mode": "managed",
      "type": "docker_image",
      "name": "postgres",
      "provider": "provider[\"registry.terraform.io/kreuzwerker/docker\"]",
      "instances": [
        {
          "schema_version": 0,
          "attributes": {
            "build": [],
            "force_remove": null,
            "id": "sha256:987b242173006d6df08506f10b967a71478a3610664cfefbc49b9c775d3d0eedpostgres:15-alpine",
            "image_id": "sha256:987b242173006d6df08506f10b967a71478a3610664cfefbc49b9c775d3d0eed",
            "keep_locally": null,
            "name": "postgres:15-alpine",
            "platform": null,
            "pull_triggers": null,
            "repo_digest": "postgres@sha256:987b242173006d6df08506f10b967a71478a3610664cfefbc49b9c775d3d0eed",
            "timeouts": null,
            "triggers": null
          },
          "sensitive_attributes": [],
          "identity_schema_version": 0,
          "private": "eyJlMmJmYjczMC1lY2FhLTExZTYtOGY4OC0zNDM2M2JjN2M0YzAiOnsiY3JlYXRlIjoxMjAwMDAwMDAwMDAwLCJkZWxldGUiOjEyMDAwMDAwMDAwMDAsInVwZGF0ZSI6MTIwMDAwMDAwMDAwMH19",
          "dependencies": [
            "module.minikube.data.local_file.minikube_ip",
            "module.minikube.kubernetes_namespace.environment",
            "module.minikube.null_resource.get_minikube_ip",
            "module.minikube.null_resource.kubectl_context",
            "module.minikube.null_resource.minikube_status",
            "module.minikube.null_resource.wait_for_cluster"
          ]
        }
      ]
    },
    {
      "module": "module.minikube",
      "mode": "data",
      "type": "local_file",
      "name": "minikube_ip",
      "provider": "provider[\"registry.terraform.io/hashicorp/local\"]",
      "instances": [
        {
          "schema_version": 0,
          "attributes": {
            "content": "\ufffd\ufffd1\u00009\u00002\u0000.\u00001\u00006\u00008\u0000.\u00006\u00007\u0000.\u00002\u0000\r\u0000\n\u0000",
            "content_base64": "//4xADkAMgAuADEANgA4AC4ANgA3AC4AMgANAAoA",
            "content_base64sha256": "FKxWakl/VVi+JRtjhw+fKzgrtffh++IuOUHSXzRitwo=",
            "content_base64sha512": "WF0rvtH/44UlaKr4L5fgZeZEdQ5aFjT39ldcL5+P+6Fk5PMseelWmmKnbPuu8aEvX144wqfPxiy3KQ8V0ZGs4A==",
            "content_md5": "772d9dac0b8e1f2c04e09ac602043360",
            "content_sha1": "986bc7c26a92b99eeef152ff3c902bc27a05bff1",
            "content_sha256": "14ac566a497f5558be251b63870f9f2b382bb5f7e1fbe22e3941d25f3462b70a",
            "content_sha512": "585d2bbed1ffe3852568aaf82f97e065e644750e5a1634f7f6575c2f9f8ffba164e4f32c79e9569a62a76cfbaef1a12f5f5e38c2a7cfc62cb7290f15d191ace0",
            "filename": "minikube_ip.txt",
            "id": "986bc7c26a92b99eeef152ff3c902bc27a05bff1"
          },
          "sensitive_attributes": [],
          "identity_schema_version": 0
        }
      ]
    },
    {
      "module": "module.minikube",
      "mode": "managed",
      "type": "null_resource",
      "name": "get_minikube_ip",
      "provider": "provider[\"registry.terraform.io/hashicorp/null\"]",
      "instances": [
        {
          "schema_version": 0,
          "attributes": {
            "id": "1765829295",
            "triggers": null
          },
          "sensitive_attributes": [],
          "identity_schema_version": 0,
          "dependencies": [
            "module.minikube.null_resource.minikube_status"
          ]
        }
      ]
    },
    {
      "module": "module.minikube",
      "mode": "managed",
      "type": "null_resource",
      "name": "kubectl_context",
      "provider": "provider[\"registry.terraform.io/hashicorp/null\"]",
      "instances": [
        {
          "schema_version": 0,
          "attributes": {
            "id": "753096625",
            "triggers": null
          },
          "sensitive_attributes": [],
          "identity_schema_version": 0,
          "dependencies": [
            "module.minikube.null_resource.minikube_status"
          ]
        }
      ]
    },
    {
      "module": "module.minikube",
      "mode": "managed",
      "type": "null_resource",
      "name": "minikube_status",
      "provider": "provider[\"registry.terraform.io/hashicorp/null\"]",
      "instances": [
        {
          "schema_version": 0,
          "attributes": {
            "id": "863721536",
            "triggers": {
              "cluster_name": "minikube-dev",
              "environment": "dev"
            }
          },
          "sensitive_attributes": [],
          "identity_schema_version": 0
        }
      ]
    },
    {
      "module": "module.minikube",
      "mode": "managed",
      "type": "null_resource",
      "name": "wait_for_cluster",
      "provider": "provider[\"registry.terraform.io/hashicorp/null\"]",
      "instances": [
        {
          "schema_version": 0,
          "attributes": {
            "id": "2102552907",
            "triggers": null
          },
          "sensitive_attributes": [],
          "identity_schema_version": 0,
          "dependencies": [
            "module.minikube.null_resource.kubectl_context",
            "module.minikube.null_resource.minikube_status"
          ]
        }
      ]
    }
  ],
  "check_results": null
}
