{
  "version": 4,
  "terraform_version": "1.12.2",
  "serial": 13,
  "lineage": "4eaa0dca-a2f8-553d-cac5-671df7cd3388",
  "outputs": {
    "database_connection_string": {
      "value": "postgresql://postgres:prod_password123@localhost:5452/microservices_prod",
      "type": "string",
      "sensitive": true
    },
    "database_host": {
      "value": "localhost",
      "type": "string"
    },
    "database_port": {
      "value": 5452,
      "type": "number"
    },
    "environment_info": {
      "value": {
        "cluster": "minikube-prod",
        "environment": "prod",
        "services": {
          "database": "localhost:5452",
          "frontend": "http://localhost:3020",
          "jenkins": "http://localhost:8100",
          "order": "http://localhost:3022",
          "product": "http://localhost:3021"
        }
      },
      "type": [
        "object",
        {
          "cluster": "string",
          "environment": "string",
          "services": [
            "object",
            {
              "database": "string",
              "frontend": "string",
              "jenkins": "string",
              "order": "string",
              "product": "string"
            }
          ]
        }
      ]
    },
    "jenkins_status": {
      "value": "configured",
      "type": "string"
    },
    "jenkins_url": {
      "value": "http://localhost:8100",
      "type": "string"
    },
    "kubernetes_context": {
      "value": "minikube-prod",
      "type": "string"
    },
    "minikube_ip": {
      "value": "��1\u00009\u00002\u0000.\u00001\u00006\u00008\u0000.\u00006\u00007\u0000.\u00002\u0000\r\u0000\n\u0000",
      "type": "string"
    },
    "minikube_status": {
      "value": "running",
      "type": "string"
    }
  },
  "resources": [
    {
      "module": "module.database",
      "mode": "managed",
      "type": "docker_container",
      "name": "postgres",
      "provider": "provider[\"registry.terraform.io/kreuzwerker/docker\"]",
      "instances": [
        {
          "schema_version": 2,
          "attributes": {
            "attach": false,
            "bridge": "",
            "capabilities": [],
            "cgroup_parent": null,
            "cgroupns_mode": null,
            "command": [
              "postgres"
            ],
            "container_logs": null,
            "container_read_refresh_timeout_milliseconds": 15000,
            "cpu_period": null,
            "cpu_quota": null,
            "cpu_set": "",
            "cpu_shares": 0,
            "cpus": null,
            "destroy_grace_seconds": null,
            "devices": [],
            "dns": null,
            "dns_opts": null,
            "dns_search": null,
            "domainname": "",
            "entrypoint": [
              "docker-entrypoint.sh"
            ],
            "env": [
              "POSTGRES_DB=microservices_prod",
              "POSTGRES_PASSWORD=prod_password123",
              "POSTGRES_USER=postgres"
            ],
            "exit_code": null,
            "gpus": null,
            "group_add": null,
            "healthcheck": null,
            "host": [],
            "hostname": "4e42487d3479",
            "id": "4e42487d347954dd7ac30e97632cc2063db741c2da1332a00fc33d8028f59a1a",
            "image": "sha256:987b242173006d6df08506f10b967a71478a3610664cfefbc49b9c775d3d0eed",
            "init": false,
            "ipc_mode": "private",
            "labels": [
              {
                "label": "environment",
                "value": "prod"
              },
              {
                "label": "service",
                "value": "database"
              }
            ],
            "log_driver": "json-file",
            "log_opts": null,
            "logs": false,
            "max_retry_count": 0,
            "memory": 0,
            "memory_swap": 0,
            "mounts": [],
            "must_run": true,
            "name": "postgres-prod",
            "network_data": [
              {
                "gateway": "172.17.0.1",
                "global_ipv6_address": "",
                "global_ipv6_prefix_length": 0,
                "ip_address": "172.17.0.5",
                "ip_prefix_length": 16,
                "ipv6_gateway": "",
                "mac_address": "ba:ff:d8:81:ae:42",
                "network_name": "bridge"
              }
            ],
            "network_mode": "bridge",
            "networks_advanced": [],
            "pid_mode": "",
            "ports": [
              {
                "external": 5452,
                "internal": 5432,
                "ip": "0.0.0.0",
                "protocol": "tcp"
              }
            ],
            "privileged": false,
            "publish_all_ports": false,
            "read_only": false,
            "remove_volumes": true,
            "restart": "unless-stopped",
            "rm": false,
            "runtime": "runc",
            "security_opts": [],
            "shm_size": 64,
            "start": true,
            "stdin_open": false,
            "stop_signal": "SIGINT",
            "stop_timeout": 0,
            "storage_opts": null,
            "sysctls": null,
            "tmpfs": null,
            "tty": false,
            "ulimit": [],
            "upload": [],
            "user": "",
            "userns_mode": "",
            "volumes": [
              {
                "container_path": "/var/lib/postgresql/data",
                "from_container": "",
                "host_path": "C:/Users/Carte/OneDrive/Documents/Uchicago/56550-DevOps/Capstone_project/Devops-project-main/terraform/data/prod/postgres",
                "read_only": null,
                "volume_name": ""
              }
            ],
            "wait": false,
            "wait_timeout": 60,
            "working_dir": "/"
          },
          "sensitive_attributes": [
            [
              {
                "type": "get_attr",
                "value": "env"
              }
            ]
          ],
          "identity_schema_version": 0,
          "private": "eyJzY2hlbWFfdmVyc2lvbiI6IjIifQ==",
          "dependencies": [
            "module.database.docker_image.postgres",
            "module.minikube.data.local_file.minikube_ip",
            "module.minikube.kubernetes_namespace.environment",
            "module.minikube.null_resource.get_minikube_ip",
            "module.minikube.null_resource.kubectl_context",
            "module.minikube.null_resource.minikube_status",
            "module.minikube.null_resource.wait_for_cluster"
          ]
        }
      ]
    },
    {
      "module": "module.database",
      "mode": "managed",
      "type": "docker_image",
      "name": "postgres",
      "provider": "provider[\"registry.terraform.io/kreuzwerker/docker\"]",
      "instances": [
        {
          "schema_version": 0,
          "attributes": {
            "build": [],
            "force_remove": null,
            "id": "sha256:987b242173006d6df08506f10b967a71478a3610664cfefbc49b9c775d3d0eedpostgres:15-alpine",
            "image_id": "sha256:987b242173006d6df08506f10b967a71478a3610664cfefbc49b9c775d3d0eed",
            "keep_locally": null,
            "name": "postgres:15-alpine",
            "platform": null,
            "pull_triggers": null,
            "repo_digest": "postgres@sha256:987b242173006d6df08506f10b967a71478a3610664cfefbc49b9c775d3d0eed",
            "timeouts": null,
            "triggers": null
          },
          "sensitive_attributes": [],
          "identity_schema_version": 0,
          "private": "eyJlMmJmYjczMC1lY2FhLTExZTYtOGY4OC0zNDM2M2JjN2M0YzAiOnsiY3JlYXRlIjoxMjAwMDAwMDAwMDAwLCJkZWxldGUiOjEyMDAwMDAwMDAwMDAsInVwZGF0ZSI6MTIwMDAwMDAwMDAwMH19",
          "dependencies": [
            "module.minikube.data.local_file.minikube_ip",
            "module.minikube.kubernetes_namespace.environment",
            "module.minikube.null_resource.get_minikube_ip",
            "module.minikube.null_resource.kubectl_context",
            "module.minikube.null_resource.minikube_status",
            "module.minikube.null_resource.wait_for_cluster"
          ]
        }
      ]
    },
    {
      "module": "module.database",
      "mode": "managed",
      "type": "null_resource",
      "name": "db_health_check",
      "provider": "provider[\"registry.terraform.io/hashicorp/null\"]",
      "instances": [
        {
          "schema_version": 0,
          "attributes": {
            "id": "415529945",
            "triggers": null
          },
          "sensitive_attributes": [],
          "identity_schema_version": 0,
          "dependencies": [
            "module.database.docker_container.postgres",
            "module.database.docker_image.postgres",
            "module.minikube.data.local_file.minikube_ip",
            "module.minikube.kubernetes_namespace.environment",
            "module.minikube.null_resource.get_minikube_ip",
            "module.minikube.null_resource.kubectl_context",
            "module.minikube.null_resource.minikube_status",
            "module.minikube.null_resource.wait_for_cluster"
          ]
        }
      ]
    },
    {
      "module": "module.jenkins",
      "mode": "managed",
      "type": "local_file",
      "name": "jenkins_env_config",
      "provider": "provider[\"registry.terraform.io/hashicorp/local\"]",
      "instances": [
        {
          "schema_version": 0,
          "attributes": {
            "content": "ENVIRONMENT=prod\r\nJENKINS_PORT=8100\r\nWORKSPACE_PATH=C:/Users/Carte/OneDrive/Documents/Uchicago/56550-DevOps/Capstone_project/Devops-project-main/terraform/jenkins-workspace/prod\r\nCREATED_BY=terraform\r\n",
            "content_base64": null,
            "content_base64sha256": "STS9EcQEzD1BaKfDe19VlIg7xIB2SmX2bahAVrGwh4E=",
            "content_base64sha512": "s+QXjsyDnMJbkFYAWhehjFOvwcr8WYr+SXF2I07ownYcsLgMU6LgWDgG7AZc9moIKqaQFOoOSfADUF1JjBNF5w==",
            "content_md5": "21601433dcef1eb88a86c4bca62784ab",
            "content_sha1": "57e923c1ccb19c6465b0168f2e20b4fd4ca2d5c3",
            "content_sha256": "4934bd11c404cc3d4168a7c37b5f5594883bc480764a65f66da84056b1b08781",
            "content_sha512": "b3e4178ecc839cc25b9056005a17a18c53afc1cafc598afe497176234ee8c2761cb0b80c53a2e0583806ec065cf66a082aa69014ea0e49f003505d498c1345e7",
            "directory_permission": "0777",
            "file_permission": "0777",
            "filename": "C:/Users/Carte/OneDrive/Documents/Uchicago/56550-DevOps/Capstone_project/Devops-project-main/terraform/jenkins-config/prod.properties",
            "id": "57e923c1ccb19c6465b0168f2e20b4fd4ca2d5c3",
            "sensitive_content": null,
            "source": null
          },
          "sensitive_attributes": [
            [
              {
                "type": "get_attr",
                "value": "sensitive_content"
              }
            ]
          ],
          "identity_schema_version": 0,
          "dependencies": [
            "module.jenkins.null_resource.jenkins_workspace"
          ]
        }
      ]
    },
    {
      "module": "module.jenkins",
      "mode": "managed",
      "type": "null_resource",
      "name": "jenkins_check",
      "provider": "provider[\"registry.terraform.io/hashicorp/null\"]",
      "instances": [
        {
          "schema_version": 0,
          "attributes": {
            "id": "373418923",
            "triggers": {
              "environment": "prod",
              "port": "8100"
            }
          },
          "sensitive_attributes": [],
          "identity_schema_version": 0
        }
      ]
    },
    {
      "module": "module.jenkins",
      "mode": "managed",
      "type": "null_resource",
      "name": "jenkins_workspace",
      "provider": "provider[\"registry.terraform.io/hashicorp/null\"]",
      "instances": [
        {
          "schema_version": 0,
          "attributes": {
            "id": "1681123229",
            "triggers": {
              "environment": "prod"
            }
          },
          "sensitive_attributes": [],
          "identity_schema_version": 0
        }
      ]
    },
    {
      "module": "module.minikube",
      "mode": "data",
      "type": "local_file",
      "name": "minikube_ip",
      "provider": "provider[\"registry.terraform.io/hashicorp/local\"]",
      "instances": [
        {
          "schema_version": 0,
          "attributes": {
            "content": "\ufffd\ufffd1\u00009\u00002\u0000.\u00001\u00006\u00008\u0000.\u00006\u00007\u0000.\u00002\u0000\r\u0000\n\u0000",
            "content_base64": "//4xADkAMgAuADEANgA4AC4ANgA3AC4AMgANAAoA",
            "content_base64sha256": "FKxWakl/VVi+JRtjhw+fKzgrtffh++IuOUHSXzRitwo=",
            "content_base64sha512": "WF0rvtH/44UlaKr4L5fgZeZEdQ5aFjT39ldcL5+P+6Fk5PMseelWmmKnbPuu8aEvX144wqfPxiy3KQ8V0ZGs4A==",
            "content_md5": "772d9dac0b8e1f2c04e09ac602043360",
            "content_sha1": "986bc7c26a92b99eeef152ff3c902bc27a05bff1",
            "content_sha256": "14ac566a497f5558be251b63870f9f2b382bb5f7e1fbe22e3941d25f3462b70a",
            "content_sha512": "585d2bbed1ffe3852568aaf82f97e065e644750e5a1634f7f6575c2f9f8ffba164e4f32c79e9569a62a76cfbaef1a12f5f5e38c2a7cfc62cb7290f15d191ace0",
            "filename": "minikube_ip.txt",
            "id": "986bc7c26a92b99eeef152ff3c902bc27a05bff1"
          },
          "sensitive_attributes": [],
          "identity_schema_version": 0
        }
      ]
    },
    {
      "module": "module.minikube",
      "mode": "managed",
      "type": "kubernetes_namespace",
      "name": "environment",
      "provider": "provider[\"registry.terraform.io/hashicorp/kubernetes\"]",
      "instances": [
        {
          "schema_version": 0,
          "attributes": {
            "id": "prod",
            "metadata": [
              {
                "annotations": null,
                "generate_name": "",
                "generation": 0,
                "labels": {
                  "environment": "prod",
                  "managed-by": "terraform"
                },
                "name": "prod",
                "resource_version": "713",
                "uid": "0ce91518-7dfe-4eb9-bed9-ae88c0881de2"
              }
            ],
            "timeouts": null,
            "wait_for_default_service_account": false
          },
          "sensitive_attributes": [],
          "identity_schema_version": 1,
          "identity": {
            "api_version": "v1",
            "kind": "Namespace",
            "name": "prod"
          },
          "private": "eyJlMmJmYjczMC1lY2FhLTExZTYtOGY4OC0zNDM2M2JjN2M0YzAiOnsiZGVsZXRlIjozMDAwMDAwMDAwMDB9fQ==",
          "dependencies": [
            "module.minikube.null_resource.kubectl_context",
            "module.minikube.null_resource.minikube_status",
            "module.minikube.null_resource.wait_for_cluster"
          ]
        }
      ]
    },
    {
      "module": "module.minikube",
      "mode": "managed",
      "type": "null_resource",
      "name": "get_minikube_ip",
      "provider": "provider[\"registry.terraform.io/hashicorp/null\"]",
      "instances": [
        {
          "schema_version": 0,
          "attributes": {
            "id": "1459184588",
            "triggers": null
          },
          "sensitive_attributes": [],
          "identity_schema_version": 0,
          "dependencies": [
            "module.minikube.null_resource.minikube_status"
          ]
        }
      ]
    },
    {
      "module": "module.minikube",
      "mode": "managed",
      "type": "null_resource",
      "name": "kubectl_context",
      "provider": "provider[\"registry.terraform.io/hashicorp/null\"]",
      "instances": [
        {
          "schema_version": 0,
          "attributes": {
            "id": "1608450593",
            "triggers": null
          },
          "sensitive_attributes": [],
          "identity_schema_version": 0,
          "dependencies": [
            "module.minikube.null_resource.minikube_status"
          ]
        }
      ]
    },
    {
      "module": "module.minikube",
      "mode": "managed",
      "type": "null_resource",
      "name": "minikube_status",
      "provider": "provider[\"registry.terraform.io/hashicorp/null\"]",
      "instances": [
        {
          "schema_version": 0,
          "attributes": {
            "id": "1145939783",
            "triggers": {
              "cluster_name": "minikube-prod",
              "environment": "prod"
            }
          },
          "sensitive_attributes": [],
          "identity_schema_version": 0
        }
      ]
    },
    {
      "module": "module.minikube",
      "mode": "managed",
      "type": "null_resource",
      "name": "wait_for_cluster",
      "provider": "provider[\"registry.terraform.io/hashicorp/null\"]",
      "instances": [
        {
          "schema_version": 0,
          "attributes": {
            "id": "1694146105",
            "triggers": null
          },
          "sensitive_attributes": [],
          "identity_schema_version": 0,
          "dependencies": [
            "module.minikube.null_resource.kubectl_context",
            "module.minikube.null_resource.minikube_status"
          ]
        }
      ]
    }
  ],
  "check_results": null
}
